
Microsoft Visual Studio Solution File, Format Version 12.00
# Visual Studio Version 17
VisualStudioVersion = 17.13.35828.75
MinimumVisualStudioVersion = 10.0.40219.1
Project("{FAE04EC0-301F-11D3-BF4B-00C04F79EFBC}") = "Task1", "Task1\Task1.csproj", "{3ACC7711-6EB1-4585-B424-200F8B090DDB}"
EndProject
Global
	GlobalSection(SolutionConfigurationPlatforms) = preSolution
		Debug|Any CPU = Debug|Any CPU
		Release|Any CPU = Release|Any CPU
	EndGlobalSection
	GlobalSection(ProjectConfigurationPlatforms) = postSolution
		{3ACC7711-6EB1-4585-B424-200F8B090DDB}.Debug|Any CPU.ActiveCfg = Debug|Any CPU
		{3ACC7711-6EB1-4585-B424-200F8B090DDB}.Debug|Any CPU.Build.0 = Debug|Any CPU
		{3ACC7711-6EB1-4585-B424-200F8B090DDB}.Release|Any CPU.ActiveCfg = Release|Any CPU
		{3ACC7711-6EB1-4585-B424-200F8B090DDB}.Release|Any CPU.Build.0 = Release|Any CPU
	EndGlobalSection
	GlobalSection(SolutionProperties) = preSolution
		HideSolutionNode = FALSE
	EndGlobalSection
	GlobalSection(ExtensibilityGlobals) = postSolution
		SolutionGuid = {D294EC46-3A83-420C-9B19-4E2D56757B51}
	EndGlobalSection
EndGlobal
